
Microsoft Visual Studio Solution File, Format Version 12.00
# Visual Studio Version 16
VisualStudioVersion = 16.0.30804.86
MinimumVisualStudioVersion = 10.0.40219.1
Project("{9A19103F-16F7-4668-BE54-9A1E7A4F7556}") = "CarRental.DataAccess", "CarRental.DataAccess\CarRental.DataAccess.csproj", "{9F9E9931-1367-468D-9741-D41191574CFD}"
EndProject
Project("{9A19103F-16F7-4668-BE54-9A1E7A4F7556}") = "CarRental.Business", "CarRental.Business\CarRental.Business.csproj", "{88D083F6-5336-4834-8CB1-E1BC3916D699}"
EndProject
Project("{9A19103F-16F7-4668-BE54-9A1E7A4F7556}") = "CarRental.Entity", "CarRental.Entity\CarRental.Entity.csproj", "{B05B3EE9-19E7-4FC7-AEE2-B826846F53BA}"
EndProject
Project("{9A19103F-16F7-4668-BE54-9A1E7A4F7556}") = "CarRental.ConsoleUI", "CarRental.ConsoleUI\CarRental.ConsoleUI.csproj", "{E7B597B6-54E9-4343-9DA9-E38B69CF13FB}"
EndProject
Project("{9A19103F-16F7-4668-BE54-9A1E7A4F7556}") = "CarRental.MVCWebUI", "CarRental.MVCWebUI\CarRental.MVCWebUI.csproj", "{81A7D1D0-49B0-46EF-B554-AC4F9FAED28E}"
EndProject
Project("{FAE04EC0-301F-11D3-BF4B-00C04F79EFBC}") = "CarRental.Core", "CarRental.Core\CarRental.Core.csproj", "{431194A3-C551-4584-B058-5E20CEFE1346}"
EndProject
Global
	GlobalSection(SolutionConfigurationPlatforms) = preSolution
		Debug|Any CPU = Debug|Any CPU
		Release|Any CPU = Release|Any CPU
	EndGlobalSection
	GlobalSection(ProjectConfigurationPlatforms) = postSolution
		{9F9E9931-1367-468D-9741-D41191574CFD}.Debug|Any CPU.ActiveCfg = Debug|Any CPU
		{9F9E9931-1367-468D-9741-D41191574CFD}.Debug|Any CPU.Build.0 = Debug|Any CPU
		{9F9E9931-1367-468D-9741-D41191574CFD}.Release|Any CPU.ActiveCfg = Release|Any CPU
		{9F9E9931-1367-468D-9741-D41191574CFD}.Release|Any CPU.Build.0 = Release|Any CPU
		{88D083F6-5336-4834-8CB1-E1BC3916D699}.Debug|Any CPU.ActiveCfg = Debug|Any CPU
		{88D083F6-5336-4834-8CB1-E1BC3916D699}.Debug|Any CPU.Build.0 = Debug|Any CPU
		{88D083F6-5336-4834-8CB1-E1BC3916D699}.Release|Any CPU.ActiveCfg = Release|Any CPU
		{88D083F6-5336-4834-8CB1-E1BC3916D699}.Release|Any CPU.Build.0 = Release|Any CPU
		{B05B3EE9-19E7-4FC7-AEE2-B826846F53BA}.Debug|Any CPU.ActiveCfg = Debug|Any CPU
		{B05B3EE9-19E7-4FC7-AEE2-B826846F53BA}.Debug|Any CPU.Build.0 = Debug|Any CPU
		{B05B3EE9-19E7-4FC7-AEE2-B826846F53BA}.Release|Any CPU.ActiveCfg = Release|Any CPU
		{B05B3EE9-19E7-4FC7-AEE2-B826846F53BA}.Release|Any CPU.Build.0 = Release|Any CPU
		{E7B597B6-54E9-4343-9DA9-E38B69CF13FB}.Debug|Any CPU.ActiveCfg = Debug|Any CPU
		{E7B597B6-54E9-4343-9DA9-E38B69CF13FB}.Debug|Any CPU.Build.0 = Debug|Any CPU
		{E7B597B6-54E9-4343-9DA9-E38B69CF13FB}.Release|Any CPU.ActiveCfg = Release|Any CPU
		{E7B597B6-54E9-4343-9DA9-E38B69CF13FB}.Release|Any CPU.Build.0 = Release|Any CPU
		{81A7D1D0-49B0-46EF-B554-AC4F9FAED28E}.Debug|Any CPU.ActiveCfg = Debug|Any CPU
		{81A7D1D0-49B0-46EF-B554-AC4F9FAED28E}.Debug|Any CPU.Build.0 = Debug|Any CPU
		{81A7D1D0-49B0-46EF-B554-AC4F9FAED28E}.Release|Any CPU.ActiveCfg = Release|Any CPU
		{81A7D1D0-49B0-46EF-B554-AC4F9FAED28E}.Release|Any CPU.Build.0 = Release|Any CPU
		{431194A3-C551-4584-B058-5E20CEFE1346}.Debug|Any CPU.ActiveCfg = Debug|Any CPU
		{431194A3-C551-4584-B058-5E20CEFE1346}.Debug|Any CPU.Build.0 = Debug|Any CPU
		{431194A3-C551-4584-B058-5E20CEFE1346}.Release|Any CPU.ActiveCfg = Release|Any CPU
		{431194A3-C551-4584-B058-5E20CEFE1346}.Release|Any CPU.Build.0 = Release|Any CPU
	EndGlobalSection
	GlobalSection(SolutionProperties) = preSolution
		HideSolutionNode = FALSE
	EndGlobalSection
	GlobalSection(ExtensibilityGlobals) = postSolution
		SolutionGuid = {87E5F66B-DB17-480D-86A7-706275C2341B}
	EndGlobalSection
EndGlobal
